# This file is autogenerated, do not edit; changes may be undone by the next 'dep ensure'.


[[projects]]
  branch = "master"
  name = "github.com/araddon/httpstream"
  packages = ["."]
  revision = "96fc3b5dd5b3f8f26718f2ae260820aa92212869"

[[projects]]
  branch = "master"
  name = "github.com/mrjones/oauth"
  packages = ["."]
  revision = "78d64468d6ec7b74e4b0d47cf61b4f4e288b944b"

[solve-meta]
  analyzer-name = "dep"
  analyzer-version = 1
  inputs-digest = "80f7ec90832a3d5380fbe9c92de1e1b11c77c2cf9ba5d8c824fa8d422abc0c60"
  solver-name = "gps-cdcl"
  solver-version = 1
